
Microsoft Visual Studio Solution File, Format Version 12.00
# Visual Studio Version 17
VisualStudioVersion = 17.0.31903.59
MinimumVisualStudioVersion = 10.0.40219.1
Project("{9A19103F-16F7-4668-BE54-9A1E7A4F7556}") = "Domain.Entities.Abstractions", "Abstract.Domain\Domain.Entities.Abstractions.csproj", "{C99C1FEA-BAEF-462C-BE81-17454FA2BCB7}"
EndProject
Project("{9A19103F-16F7-4668-BE54-9A1E7A4F7556}") = "DataAccess.Abstractions", "Abstract.DataAccess\DataAccess.Abstractions.csproj", "{DE5EA9DC-49BA-4E9F-97B2-29AB5AA989F5}"
EndProject
Project("{9A19103F-16F7-4668-BE54-9A1E7A4F7556}") = "Models.Abstractions", "Models.Abstractions\Models.Abstractions.csproj", "{760AB39A-C628-4D61-A0BA-EB4772509154}"
EndProject
Project("{9A19103F-16F7-4668-BE54-9A1E7A4F7556}") = "Services.Abstractions", "Services.Abstractions\Services.Abstractions.csproj", "{406B87EB-AEBB-455A-8BE5-C105967DC9D6}"
EndProject
Project("{FAE04EC0-301F-11D3-BF4B-00C04F79EFBC}") = "WebApi.Abstractions", "WebApi.Abstractions\WebApi.Abstractions.csproj", "{62F2F6EE-D0B1-4B0D-BBFE-73A4FBE6EDD8}"
EndProject
Global
	GlobalSection(SolutionConfigurationPlatforms) = preSolution
		Debug|Any CPU = Debug|Any CPU
		Release|Any CPU = Release|Any CPU
	EndGlobalSection
	GlobalSection(ProjectConfigurationPlatforms) = postSolution
		{C99C1FEA-BAEF-462C-BE81-17454FA2BCB7}.Debug|Any CPU.ActiveCfg = Debug|Any CPU
		{C99C1FEA-BAEF-462C-BE81-17454FA2BCB7}.Debug|Any CPU.Build.0 = Debug|Any CPU
		{C99C1FEA-BAEF-462C-BE81-17454FA2BCB7}.Release|Any CPU.ActiveCfg = Release|Any CPU
		{C99C1FEA-BAEF-462C-BE81-17454FA2BCB7}.Release|Any CPU.Build.0 = Release|Any CPU
		{DE5EA9DC-49BA-4E9F-97B2-29AB5AA989F5}.Debug|Any CPU.ActiveCfg = Debug|Any CPU
		{DE5EA9DC-49BA-4E9F-97B2-29AB5AA989F5}.Debug|Any CPU.Build.0 = Debug|Any CPU
		{DE5EA9DC-49BA-4E9F-97B2-29AB5AA989F5}.Release|Any CPU.ActiveCfg = Release|Any CPU
		{DE5EA9DC-49BA-4E9F-97B2-29AB5AA989F5}.Release|Any CPU.Build.0 = Release|Any CPU
		{760AB39A-C628-4D61-A0BA-EB4772509154}.Debug|Any CPU.ActiveCfg = Debug|Any CPU
		{760AB39A-C628-4D61-A0BA-EB4772509154}.Debug|Any CPU.Build.0 = Debug|Any CPU
		{760AB39A-C628-4D61-A0BA-EB4772509154}.Release|Any CPU.ActiveCfg = Release|Any CPU
		{760AB39A-C628-4D61-A0BA-EB4772509154}.Release|Any CPU.Build.0 = Release|Any CPU
		{406B87EB-AEBB-455A-8BE5-C105967DC9D6}.Debug|Any CPU.ActiveCfg = Debug|Any CPU
		{406B87EB-AEBB-455A-8BE5-C105967DC9D6}.Debug|Any CPU.Build.0 = Debug|Any CPU
		{406B87EB-AEBB-455A-8BE5-C105967DC9D6}.Release|Any CPU.ActiveCfg = Release|Any CPU
		{406B87EB-AEBB-455A-8BE5-C105967DC9D6}.Release|Any CPU.Build.0 = Release|Any CPU
		{62F2F6EE-D0B1-4B0D-BBFE-73A4FBE6EDD8}.Debug|Any CPU.ActiveCfg = Debug|Any CPU
		{62F2F6EE-D0B1-4B0D-BBFE-73A4FBE6EDD8}.Debug|Any CPU.Build.0 = Debug|Any CPU
		{62F2F6EE-D0B1-4B0D-BBFE-73A4FBE6EDD8}.Release|Any CPU.ActiveCfg = Release|Any CPU
		{62F2F6EE-D0B1-4B0D-BBFE-73A4FBE6EDD8}.Release|Any CPU.Build.0 = Release|Any CPU
	EndGlobalSection
	GlobalSection(SolutionProperties) = preSolution
		HideSolutionNode = FALSE
	EndGlobalSection
	GlobalSection(ExtensibilityGlobals) = postSolution
		SolutionGuid = {0EA76959-4F33-4762-B55D-935D53B9C1C1}
	EndGlobalSection
EndGlobal
